
Microsoft Visual Studio Solution File, Format Version 12.00
# Visual Studio 2013
VisualStudioVersion = 12.0.40629.0
MinimumVisualStudioVersion = 10.0.40219.1
Project("{FAE04EC0-301F-11D3-BF4B-00C04F79EFBC}") = "B3.Data.Repository", "B3.Data.Repository\B3.Data.Repository.csproj", "{83F9E894-8CC5-44AD-B80A-95B76CFE758B}"
EndProject
Project("{FAE04EC0-301F-11D3-BF4B-00C04F79EFBC}") = "B3.Data.UnitOfWork", "B3.Data.UnitOfWork\B3.Data.UnitOfWork.csproj", "{1E98C336-1E4D-45C0-AA53-B88E7AF3EA42}"
EndProject
Project("{FAE04EC0-301F-11D3-BF4B-00C04F79EFBC}") = "B3.Data.Domain", "B3.Data.Domain\B3.Data.Domain.csproj", "{48C90882-1FA6-40F8-9153-3C5E4B9A7439}"
EndProject
Project("{2150E333-8FDC-42A3-9474-1A3956D46DE8}") = "src", "src", "{6C38CEB4-B446-4850-85F5-DA2DF0A50935}"
EndProject
Project("{2150E333-8FDC-42A3-9474-1A3956D46DE8}") = "test", "test", "{CBECB3A8-E86E-450B-BB5D-993826B04681}"
EndProject
Project("{FAE04EC0-301F-11D3-BF4B-00C04F79EFBC}") = "B3.Data.Repository.Test", "B3.Data.Repository.Test\B3.Data.Repository.Test.csproj", "{4903B3F7-854D-4704-8D38-39A94AEAC9DE}"
EndProject
Project("{2150E333-8FDC-42A3-9474-1A3956D46DE8}") = ".nuget", ".nuget", "{16CD42BE-8B77-4816-9C88-903570A38A3D}"
	ProjectSection(SolutionItems) = preProject
		.nuget\packages.config = .nuget\packages.config
	EndProjectSection
EndProject
Project("{FAE04EC0-301F-11D3-BF4B-00C04F79EFBC}") = "B3.Infrastructure", "B3.Infrastructure\B3.Infrastructure.csproj", "{4C273705-F429-44DB-A625-DE9CFD38A6FA}"
EndProject
Global
	GlobalSection(SolutionConfigurationPlatforms) = preSolution
		Debug|Any CPU = Debug|Any CPU
		Debug|ARM = Debug|ARM
		Debug|x64 = Debug|x64
		Debug|x86 = Debug|x86
		Release|Any CPU = Release|Any CPU
		Release|ARM = Release|ARM
		Release|x64 = Release|x64
		Release|x86 = Release|x86
	EndGlobalSection
	GlobalSection(ProjectConfigurationPlatforms) = postSolution
		{83F9E894-8CC5-44AD-B80A-95B76CFE758B}.Debug|Any CPU.ActiveCfg = Debug|Any CPU
		{83F9E894-8CC5-44AD-B80A-95B76CFE758B}.Debug|Any CPU.Build.0 = Debug|Any CPU
		{83F9E894-8CC5-44AD-B80A-95B76CFE758B}.Debug|ARM.ActiveCfg = Debug|Any CPU
		{83F9E894-8CC5-44AD-B80A-95B76CFE758B}.Debug|x64.ActiveCfg = Debug|Any CPU
		{83F9E894-8CC5-44AD-B80A-95B76CFE758B}.Debug|x86.ActiveCfg = Debug|Any CPU
		{83F9E894-8CC5-44AD-B80A-95B76CFE758B}.Release|Any CPU.ActiveCfg = Release|Any CPU
		{83F9E894-8CC5-44AD-B80A-95B76CFE758B}.Release|Any CPU.Build.0 = Release|Any CPU
		{83F9E894-8CC5-44AD-B80A-95B76CFE758B}.Release|ARM.ActiveCfg = Release|Any CPU
		{83F9E894-8CC5-44AD-B80A-95B76CFE758B}.Release|x64.ActiveCfg = Release|Any CPU
		{83F9E894-8CC5-44AD-B80A-95B76CFE758B}.Release|x86.ActiveCfg = Release|Any CPU
		{1E98C336-1E4D-45C0-AA53-B88E7AF3EA42}.Debug|Any CPU.ActiveCfg = Debug|Any CPU
		{1E98C336-1E4D-45C0-AA53-B88E7AF3EA42}.Debug|Any CPU.Build.0 = Debug|Any CPU
		{1E98C336-1E4D-45C0-AA53-B88E7AF3EA42}.Debug|ARM.ActiveCfg = Debug|Any CPU
		{1E98C336-1E4D-45C0-AA53-B88E7AF3EA42}.Debug|x64.ActiveCfg = Debug|Any CPU
		{1E98C336-1E4D-45C0-AA53-B88E7AF3EA42}.Debug|x86.ActiveCfg = Debug|Any CPU
		{1E98C336-1E4D-45C0-AA53-B88E7AF3EA42}.Release|Any CPU.ActiveCfg = Release|Any CPU
		{1E98C336-1E4D-45C0-AA53-B88E7AF3EA42}.Release|Any CPU.Build.0 = Release|Any CPU
		{1E98C336-1E4D-45C0-AA53-B88E7AF3EA42}.Release|ARM.ActiveCfg = Release|Any CPU
		{1E98C336-1E4D-45C0-AA53-B88E7AF3EA42}.Release|x64.ActiveCfg = Release|Any CPU
		{1E98C336-1E4D-45C0-AA53-B88E7AF3EA42}.Release|x86.ActiveCfg = Release|Any CPU
		{48C90882-1FA6-40F8-9153-3C5E4B9A7439}.Debug|Any CPU.ActiveCfg = Debug|Any CPU
		{48C90882-1FA6-40F8-9153-3C5E4B9A7439}.Debug|Any CPU.Build.0 = Debug|Any CPU
		{48C90882-1FA6-40F8-9153-3C5E4B9A7439}.Debug|ARM.ActiveCfg = Debug|Any CPU
		{48C90882-1FA6-40F8-9153-3C5E4B9A7439}.Debug|x64.ActiveCfg = Debug|Any CPU
		{48C90882-1FA6-40F8-9153-3C5E4B9A7439}.Debug|x86.ActiveCfg = Debug|Any CPU
		{48C90882-1FA6-40F8-9153-3C5E4B9A7439}.Release|Any CPU.ActiveCfg = Release|Any CPU
		{48C90882-1FA6-40F8-9153-3C5E4B9A7439}.Release|Any CPU.Build.0 = Release|Any CPU
		{48C90882-1FA6-40F8-9153-3C5E4B9A7439}.Release|ARM.ActiveCfg = Release|Any CPU
		{48C90882-1FA6-40F8-9153-3C5E4B9A7439}.Release|x64.ActiveCfg = Release|Any CPU
		{48C90882-1FA6-40F8-9153-3C5E4B9A7439}.Release|x86.ActiveCfg = Release|Any CPU
		{4903B3F7-854D-4704-8D38-39A94AEAC9DE}.Debug|Any CPU.ActiveCfg = Debug|Any CPU
		{4903B3F7-854D-4704-8D38-39A94AEAC9DE}.Debug|Any CPU.Build.0 = Debug|Any CPU
		{4903B3F7-854D-4704-8D38-39A94AEAC9DE}.Debug|ARM.ActiveCfg = Debug|Any CPU
		{4903B3F7-854D-4704-8D38-39A94AEAC9DE}.Debug|x64.ActiveCfg = Debug|Any CPU
		{4903B3F7-854D-4704-8D38-39A94AEAC9DE}.Debug|x86.ActiveCfg = Debug|Any CPU
		{4903B3F7-854D-4704-8D38-39A94AEAC9DE}.Release|Any CPU.ActiveCfg = Release|Any CPU
		{4903B3F7-854D-4704-8D38-39A94AEAC9DE}.Release|Any CPU.Build.0 = Release|Any CPU
		{4903B3F7-854D-4704-8D38-39A94AEAC9DE}.Release|ARM.ActiveCfg = Release|Any CPU
		{4903B3F7-854D-4704-8D38-39A94AEAC9DE}.Release|x64.ActiveCfg = Release|Any CPU
		{4903B3F7-854D-4704-8D38-39A94AEAC9DE}.Release|x86.ActiveCfg = Release|Any CPU
		{4C273705-F429-44DB-A625-DE9CFD38A6FA}.Debug|Any CPU.ActiveCfg = Debug|Any CPU
		{4C273705-F429-44DB-A625-DE9CFD38A6FA}.Debug|Any CPU.Build.0 = Debug|Any CPU
		{4C273705-F429-44DB-A625-DE9CFD38A6FA}.Debug|ARM.ActiveCfg = Debug|Any CPU
		{4C273705-F429-44DB-A625-DE9CFD38A6FA}.Debug|x64.ActiveCfg = Debug|Any CPU
		{4C273705-F429-44DB-A625-DE9CFD38A6FA}.Debug|x86.ActiveCfg = Debug|Any CPU
		{4C273705-F429-44DB-A625-DE9CFD38A6FA}.Release|Any CPU.ActiveCfg = Release|Any CPU
		{4C273705-F429-44DB-A625-DE9CFD38A6FA}.Release|Any CPU.Build.0 = Release|Any CPU
		{4C273705-F429-44DB-A625-DE9CFD38A6FA}.Release|ARM.ActiveCfg = Release|Any CPU
		{4C273705-F429-44DB-A625-DE9CFD38A6FA}.Release|x64.ActiveCfg = Release|Any CPU
		{4C273705-F429-44DB-A625-DE9CFD38A6FA}.Release|x86.ActiveCfg = Release|Any CPU
	EndGlobalSection
	GlobalSection(SolutionProperties) = preSolution
		HideSolutionNode = FALSE
	EndGlobalSection
	GlobalSection(NestedProjects) = preSolution
		{83F9E894-8CC5-44AD-B80A-95B76CFE758B} = {6C38CEB4-B446-4850-85F5-DA2DF0A50935}
		{1E98C336-1E4D-45C0-AA53-B88E7AF3EA42} = {6C38CEB4-B446-4850-85F5-DA2DF0A50935}
		{48C90882-1FA6-40F8-9153-3C5E4B9A7439} = {6C38CEB4-B446-4850-85F5-DA2DF0A50935}
		{4903B3F7-854D-4704-8D38-39A94AEAC9DE} = {CBECB3A8-E86E-450B-BB5D-993826B04681}
		{4C273705-F429-44DB-A625-DE9CFD38A6FA} = {6C38CEB4-B446-4850-85F5-DA2DF0A50935}
	EndGlobalSection
EndGlobal
